Microsoft Visual Studio Solution File, Format Version 8.00
Project("{8BC9CEB8-8B4A-11D0-8D11-00A0C91BC942}") = "Defenders", "Defenders.vcproj", "{1EEE2554-4EDC-4EE0-BE11-E83B73821800}"
	ProjectSection(ProjectDependencies) = postProject
	EndProjectSection
EndProject
Global
	GlobalSection(SolutionConfiguration) = preSolution
		Debug = Debug
		Release = Release
	EndGlobalSection
	GlobalSection(ProjectConfiguration) = postSolution
		{1EEE2554-4EDC-4EE0-BE11-E83B73821800}.Debug.ActiveCfg = Debug|Win32
		{1EEE2554-4EDC-4EE0-BE11-E83B73821800}.Debug.Build.0 = Debug|Win32
		{1EEE2554-4EDC-4EE0-BE11-E83B73821800}.Release.ActiveCfg = Release|Win32
		{1EEE2554-4EDC-4EE0-BE11-E83B73821800}.Release.Build.0 = Release|Win32
	EndGlobalSection
	GlobalSection(ExtensibilityGlobals) = postSolution
	EndGlobalSection
	GlobalSection(ExtensibilityAddIns) = postSolution
	EndGlobalSection
EndGlobal
